// !$*UTF8*$!
{
	archiveVersion = 1;
	classes = {
	};
	objectVersion = 48;
	objects = {

/* Begin PBXBuildFile section */
		842FC7A01FC52924003EEAA4 /* AppDelegate.swift in Sources */ = {isa = PBXBuildFile; fileRef = 842FC79F1FC52924003EEAA4 /* AppDelegate.swift */; };
		842FC7A21FC52924003EEAA4 /* ViewController.swift in Sources */ = {isa = PBXBuildFile; fileRef = 842FC7A11FC52924003EEAA4 /* ViewController.swift */; };
		842FC7A51FC52924003EEAA4 /* Main.storyboard in Resources */ = {isa = PBXBuildFile; fileRef = 842FC7A31FC52924003EEAA4 /* Main.storyboard */; };
		842FC7A71FC52924003EEAA4 /* Assets.xcassets in Resources */ = {isa = PBXBuildFile; fileRef = 842FC7A61FC52924003EEAA4 /* Assets.xcassets */; };
		842FC7AA1FC52924003EEAA4 /* LaunchScreen.storyboard in Resources */ = {isa = PBXBuildFile; fileRef = 842FC7A81FC52924003EEAA4 /* LaunchScreen.storyboard */; };
		842FC7B51FC52924003EEAA4 /* SerfAppTests.swift in Sources */ = {isa = PBXBuildFile; fileRef = 842FC7B41FC52924003EEAA4 /* SerfAppTests.swift */; };
		842FC7C01FC52924003EEAA4 /* SerfAppUITests.swift in Sources */ = {isa = PBXBuildFile; fileRef = 842FC7BF1FC52924003EEAA4 /* SerfAppUITests.swift */; };
/* End PBXBuildFile section */

/* Begin PBXContainerItemProxy section */
		842FC7B11FC52924003EEAA4 /* PBXContainerItemProxy */ = {
			isa = PBXContainerItemProxy;
			containerPortal = 842FC7941FC52924003EEAA4 /* Project object */;
			proxyType = 1;
			remoteGlobalIDString = 842FC79B1FC52924003EEAA4;
			remoteInfo = SerfApp;
		};
		842FC7BC1FC52924003EEAA4 /* PBXContainerItemProxy */ = {
			isa = PBXContainerItemProxy;
			containerPortal = 842FC7941FC52924003EEAA4 /* Project object */;
			proxyType = 1;
			remoteGlobalIDString = 842FC79B1FC52924003EEAA4;
			remoteInfo = SerfApp;
		};
/* End PBXContainerItemProxy section */

/* Begin PBXFileReference section */
		842FC79C1FC52924003EEAA4 /* SerfApp.app */ = {isa = PBXFileReference; explicitFileType = wrapper.application; includeInIndex = 0; path = SerfApp.app; sourceTree = BUILT_PRODUCTS_DIR; };
		842FC79F1FC52924003EEAA4 /* AppDelegate.swift */ = {isa = PBXFileReference; lastKnownFileType = sourcecode.swift; path = AppDelegate.swift; sourceTree = "<group>"; };
		842FC7A11FC52924003EEAA4 /* ViewController.swift */ = {isa = PBXFileReference; lastKnownFileType = sourcecode.swift; path = ViewController.swift; sourceTree = "<group>"; };
		842FC7A41FC52924003EEAA4 /* Base */ = {isa = PBXFileReference; lastKnownFileType = file.storyboard; name = Base; path = Base.lproj/Main.storyboard; sourceTree = "<group>"; };
		842FC7A61FC52924003EEAA4 /* Assets.xcassets */ = {isa = PBXFileReference; lastKnownFileType = folder.assetcatalog; path = Assets.xcassets; sourceTree = "<group>"; };
		842FC7A91FC52924003EEAA4 /* Base */ = {isa = PBXFileReference; lastKnownFileType = file.storyboard; name = Base; path = Base.lproj/LaunchScreen.storyboard; sourceTree = "<group>"; };
		842FC7AB1FC52924003EEAA4 /* Info.plist */ = {isa = PBXFileReference; lastKnownFileType = text.plist.xml; path = Info.plist; sourceTree = "<group>"; };
		842FC7B01FC52924003EEAA4 /* SerfAppTests.xctest */ = {isa = PBXFileReference; explicitFileType = wrapper.cfbundle; includeInIndex = 0; path = SerfAppTests.xctest; sourceTree = BUILT_PRODUCTS_DIR; };
		842FC7B41FC52924003EEAA4 /* SerfAppTests.swift */ = {isa = PBXFileReference; lastKnownFileType = sourcecode.swift; path = SerfAppTests.swift; sourceTree = "<group>"; };
		842FC7B61FC52924003EEAA4 /* Info.plist */ = {isa = PBXFileReference; lastKnownFileType = text.plist.xml; path = Info.plist; sourceTree = "<group>"; };
		842FC7BB1FC52924003EEAA4 /* SerfAppUITests.xctest */ = {isa = PBXFileReference; explicitFileType = wrapper.cfbundle; includeInIndex = 0; path = SerfAppUITests.xctest; sourceTree = BUILT_PRODUCTS_DIR; };
		842FC7BF1FC52924003EEAA4 /* SerfAppUITests.swift */ = {isa = PBXFileReference; lastKnownFileType = sourcecode.swift; path = SerfAppUITests.swift; sourceTree = "<group>"; };
		842FC7C11FC52924003EEAA4 /* Info.plist */ = {isa = PBXFileReference; lastKnownFileType = text.plist.xml; path = Info.plist; sourceTree = "<group>"; };
/* End PBXFileReference section */

/* Begin PBXFrameworksBuildPhase section */
		842FC7991FC52924003EEAA4 /* Frameworks */ = {
			isa = PBXFrameworksBuildPhase;
			buildActionMask = 2147483647;
			files = (
			);
			runOnlyForDeploymentPostprocessing = 0;
		};
		842FC7AD1FC52924003EEAA4 /* Frameworks */ = {
			isa = PBXFrameworksBuildPhase;
			buildActionMask = 2147483647;
			files = (
			);
			runOnlyForDeploymentPostprocessing = 0;
		};
		842FC7B81FC52924003EEAA4 /* Frameworks */ = {
			isa = PBXFrameworksBuildPhase;
			buildActionMask = 2147483647;
			files = (
			);
			runOnlyForDeploymentPostprocessing = 0;
		};
/* End PBXFrameworksBuildPhase section */

/* Begin PBXGroup section */
		842FC7931FC52924003EEAA4 = {
			isa = PBXGroup;
			children = (
				842FC79E1FC52924003EEAA4 /* SerfApp */,
				842FC7B31FC52924003EEAA4 /* SerfAppTests */,
				842FC7BE1FC52924003EEAA4 /* SerfAppUITests */,
				842FC79D1FC52924003EEAA4 /* Products */,
			);
			sourceTree = "<group>";
		};
		842FC79D1FC52924003EEAA4 /* Products */ = {
			isa = PBXGroup;
			children = (
				842FC79C1FC52924003EEAA4 /* SerfApp.app */,
				842FC7B01FC52924003EEAA4 /* SerfAppTests.xctest */,
				842FC7BB1FC52924003EEAA4 /* SerfAppUITests.xctest */,
			);
			name = Products;
			sourceTree = "<group>";
		};
		842FC79E1FC52924003EEAA4 /* SerfApp */ = {
			isa = PBXGroup;
			children = (
				842FC79F1FC52924003EEAA4 /* AppDelegate.swift */,
				842FC7A11FC52924003EEAA4 /* ViewController.swift */,
				842FC7A31FC52924003EEAA4 /* Main.storyboard */,
				842FC7A61FC52924003EEAA4 /* Assets.xcassets */,
				842FC7A81FC52924003EEAA4 /* LaunchScreen.storyboard */,
				842FC7AB1FC52924003EEAA4 /* Info.plist */,
			);
			path = SerfApp;
			sourceTree = "<group>";
		};
		842FC7B31FC52924003EEAA4 /* SerfAppTests */ = {
			isa = PBXGroup;
			children = (
				842FC7B41FC52924003EEAA4 /* SerfAppTests.swift */,
				842FC7B61FC52924003EEAA4 /* Info.plist */,
			);
			path = SerfAppTests;
			sourceTree = "<group>";
		};
		842FC7BE1FC52924003EEAA4 /* SerfAppUITests */ = {
			isa = PBXGroup;
			children = (
				842FC7BF1FC52924003EEAA4 /* SerfAppUITests.swift */,
				842FC7C11FC52924003EEAA4 /* Info.plist */,
			);
			path = SerfAppUITests;
			sourceTree = "<group>";
		};
/* End PBXGroup section */

/* Begin PBXNativeTarget section */
		842FC79B1FC52924003EEAA4 /* SerfApp */ = {
			isa = PBXNativeTarget;
			buildConfigurationList = 842FC7C41FC52924003EEAA4 /* Build configuration list for PBXNativeTarget "SerfApp" */;
			buildPhases = (
				842FC7981FC52924003EEAA4 /* Sources */,
				842FC7991FC52924003EEAA4 /* Frameworks */,
				842FC79A1FC52924003EEAA4 /* Resources */,
			);
			buildRules = (
			);
			dependencies = (
			);
			name = SerfApp;
			productName = SerfApp;
			productReference = 842FC79C1FC52924003EEAA4 /* SerfApp.app */;
			productType = "com.apple.product-type.application";
		};
		842FC7AF1FC52924003EEAA4 /* SerfAppTests */ = {
			isa = PBXNativeTarget;
			buildConfigurationList = 842FC7C71FC52924003EEAA4 /* Build configuration list for PBXNativeTarget "SerfAppTests" */;
			buildPhases = (
				842FC7AC1FC52924003EEAA4 /* Sources */,
				842FC7AD1FC52924003EEAA4 /* Frameworks */,
				842FC7AE1FC52924003EEAA4 /* Resources */,
			);
			buildRules = (
			);
			dependencies = (
				842FC7B21FC52924003EEAA4 /* PBXTargetDependency */,
			);
			name = SerfAppTests;
			productName = SerfAppTests;
			productReference = 842FC7B01FC52924003EEAA4 /* SerfAppTests.xctest */;
			productType = "com.apple.product-type.bundle.unit-test";
		};
		842FC7BA1FC52924003EEAA4 /* SerfAppUITests */ = {
			isa = PBXNativeTarget;
			buildConfigurationList = 842FC7CA1FC52924003EEAA4 /* Build configuration list for PBXNativeTarget "SerfAppUITests" */;
			buildPhases = (
				842FC7B71FC52924003EEAA4 /* Sources */,
				842FC7B81FC52924003EEAA4 /* Frameworks */,
				842FC7B91FC52924003EEAA4 /* Resources */,
			);
			buildRules = (
			);
			dependencies = (
				842FC7BD1FC52924003EEAA4 /* PBXTargetDependency */,
			);
			name = SerfAppUITests;
			productName = SerfAppUITests;
			productReference = 842FC7BB1FC52924003EEAA4 /* SerfAppUITests.xctest */;
			productType = "com.apple.product-type.bundle.ui-testing";
		};
/* End PBXNativeTarget section */

/* Begin PBXProject section */
		842FC7941FC52924003EEAA4 /* Project object */ = {
			isa = PBXProject;
			attributes = {
				LastSwiftUpdateCheck = 0910;
				LastUpgradeCheck = 0910;
				ORGANIZATIONNAME = admin;
				TargetAttributes = {
					842FC79B1FC52924003EEAA4 = {
						CreatedOnToolsVersion = 9.1;
						ProvisioningStyle = Automatic;
					};
					842FC7AF1FC52924003EEAA4 = {
						CreatedOnToolsVersion = 9.1;
						ProvisioningStyle = Automatic;
						TestTargetID = 842FC79B1FC52924003EEAA4;
					};
					842FC7BA1FC52924003EEAA4 = {
						CreatedOnToolsVersion = 9.1;
						ProvisioningStyle = Automatic;
						TestTargetID = 842FC79B1FC52924003EEAA4;
					};
				};
			};
			buildConfigurationList = 842FC7971FC52924003EEAA4 /* Build configuration list for PBXProject "SerfApp" */;
			compatibilityVersion = "Xcode 8.0";
			developmentRegion = en;
			hasScannedForEncodings = 0;
			knownRegions = (
				en,
				Base,
			);
			mainGroup = 842FC7931FC52924003EEAA4;
			productRefGroup = 842FC79D1FC52924003EEAA4 /* Products */;
			projectDirPath = "";
			projectRoot = "";
			targets = (
				842FC79B1FC52924003EEAA4 /* SerfApp */,
				842FC7AF1FC52924003EEAA4 /* SerfAppTests */,
				842FC7BA1FC52924003EEAA4 /* SerfAppUITests */,
			);
		};
/* End PBXProject section */

/* Begin PBXResourcesBuildPhase section */
		842FC79A1FC52924003EEAA4 /* Resources */ = {
			isa = PBXResourcesBuildPhase;
			buildActionMask = 2147483647;
			files = (
				842FC7AA1FC52924003EEAA4 /* LaunchScreen.storyboard in Resources */,
				842FC7A71FC52924003EEAA4 /* Assets.xcassets in Resources */,
				842FC7A51FC52924003EEAA4 /* Main.storyboard in Resources */,
			);
			runOnlyForDeploymentPostprocessing = 0;
		};
		842FC7AE1FC52924003EEAA4 /* Resources */ = {
			isa = PBXResourcesBuildPhase;
			buildActionMask = 2147483647;
			files = (
			);
			runOnlyForDeploymentPostprocessing = 0;
		};
		842FC7B91FC52924003EEAA4 /* Resources */ = {
			isa = PBXResourcesBuildPhase;
			buildActionMask = 2147483647;
			files = (
			);
			runOnlyForDeploymentPostprocessing = 0;
		};
/* End PBXResourcesBuildPhase section */

/* Begin PBXSourcesBuildPhase section */
		842FC7981FC52924003EEAA4 /* Sources */ = {
			isa = PBXSourcesBuildPhase;
			buildActionMask = 2147483647;
			files = (
				842FC7A21FC52924003EEAA4 /* ViewController.swift in Sources */,
				842FC7A01FC52924003EEAA4 /* AppDelegate.swift in Sources */,
			);
			runOnlyForDeploymentPostprocessing = 0;
		};
		842FC7AC1FC52924003EEAA4 /* Sources */ = {
			isa = PBXSourcesBuildPhase;
			buildActionMask = 2147483647;
			files = (
				842FC7B51FC52924003EEAA4 /* SerfAppTests.swift in Sources */,
			);
			runOnlyForDeploymentPostprocessing = 0;
		};
		842FC7B71FC52924003EEAA4 /* Sources */ = {
			isa = PBXSourcesBuildPhase;
			buildActionMask = 2147483647;
			files = (
				842FC7C01FC52924003EEAA4 /* SerfAppUITests.swift in Sources */,
			);
			runOnlyForDeploymentPostprocessing = 0;
		};
/* End PBXSourcesBuildPhase section */

/* Begin PBXTargetDependency section */
		842FC7B21FC52924003EEAA4 /* PBXTargetDependency */ = {
			isa = PBXTargetDependency;
			target = 842FC79B1FC52924003EEAA4 /* SerfApp */;
			targetProxy = 842FC7B11FC52924003EEAA4 /* PBXContainerItemProxy */;
		};
		842FC7BD1FC52924003EEAA4 /* PBXTargetDependency */ = {
			isa = PBXTargetDependency;
			target = 842FC79B1FC52924003EEAA4 /* SerfApp */;
			targetProxy = 842FC7BC1FC52924003EEAA4 /* PBXContainerItemProxy */;
		};
/* End PBXTargetDependency section */

/* Begin PBXVariantGroup section */
		842FC7A31FC52924003EEAA4 /* Main.storyboard */ = {
			isa = PBXVariantGroup;
			children = (
				842FC7A41FC52924003EEAA4 /* Base */,
			);
			name = Main.storyboard;
			sourceTree = "<group>";
		};
		842FC7A81FC52924003EEAA4 /* LaunchScreen.storyboard */ = {
			isa = PBXVariantGroup;
			children = (
				842FC7A91FC52924003EEAA4 /* Base */,
			);
			name = LaunchScreen.storyboard;
			sourceTree = "<group>";
		};
/* End PBXVariantGroup section */

/* Begin XCBuildConfiguration section */
		842FC7C21FC52924003EEAA4 /* Debug */ = {
			isa = XCBuildConfiguration;
			buildSettings = {
				ALWAYS_SEARCH_USER_PATHS = NO;
				CLANG_ANALYZER_NONNULL = YES;
				CLANG_ANALYZER_NUMBER_OBJECT_CONVERSION = YES_AGGRESSIVE;
				CLANG_CXX_LANGUAGE_STANDARD = "gnu++14";
				CLANG_CXX_LIBRARY = "libc++";
				CLANG_ENABLE_MODULES = YES;
				CLANG_ENABLE_OBJC_ARC = YES;
				CLANG_WARN_BLOCK_CAPTURE_AUTORELEASING = YES;
				CLANG_WARN_BOOL_CONVERSION = YES;
				CLANG_WARN_COMMA = YES;
				CLANG_WARN_CONSTANT_CONVERSION = YES;
				CLANG_WARN_DIRECT_OBJC_ISA_USAGE = YES_ERROR;
				CLANG_WARN_DOCUMENTATION_COMMENTS = YES;
				CLANG_WARN_EMPTY_BODY = YES;
				CLANG_WARN_ENUM_CONVERSION = YES;
				CLANG_WARN_INFINITE_RECURSION = YES;
				CLANG_WARN_INT_CONVERSION = YES;
				CLANG_WARN_NON_LITERAL_NULL_CONVERSION = YES;
				CLANG_WARN_OBJC_LITERAL_CONVERSION = YES;
				CLANG_WARN_OBJC_ROOT_CLASS = YES_ERROR;
				CLANG_WARN_RANGE_LOOP_ANALYSIS = YES;
				CLANG_WARN_STRICT_PROTOTYPES = YES;
				CLANG_WARN_SUSPICIOUS_MOVE = YES;
				CLANG_WARN_UNGUARDED_AVAILABILITY = YES_AGGRESSIVE;
				CLANG_WARN_UNREACHABLE_CODE = YES;
				CLANG_WARN__DUPLICATE_METHOD_MATCH = YES;
				CODE_SIGN_IDENTITY = "iPhone Developer";
				COPY_PHASE_STRIP = NO;
				DEBUG_INFORMATION_FORMAT = dwarf;
				ENABLE_STRICT_OBJC_MSGSEND = YES;
				ENABLE_TESTABILITY = YES;
				GCC_C_LANGUAGE_STANDARD = gnu11;
				GCC_DYNAMIC_NO_PIC = NO;
				GCC_NO_COMMON_BLOCKS = YES;
				GCC_OPTIMIZATION_LEVEL = 0;
				GCC_PREPROCESSOR_DEFINITIONS = (
					"DEBUG=1",
					"$(inherited)",
				);
				GCC_WARN_64_TO_32_BIT_CONVERSION = YES;
				GCC_WARN_ABOUT_RETURN_TYPE = YES_ERROR;
				GCC_WARN_UNDECLARED_SELECTOR = YES;
				GCC_WARN_UNINITIALIZED_AUTOS = YES_AGGRESSIVE;
				GCC_WARN_UNUSED_FUNCTION = YES;
				GCC_WARN_UNUSED_VARIABLE = YES;
				IPHONEOS_DEPLOYMENT_TARGET = 11.1;
				MTL_ENABLE_DEBUG_INFO = YES;
				ONLY_ACTIVE_ARCH = YES;
				SDKROOT = iphoneos;
				SWIFT_ACTIVE_COMPILATION_CONDITIONS = DEBUG;
				SWIFT_OPTIMIZATION_LEVEL = "-Onone";
			};
			name = Debug;
		};
		842FC7C31FC52924003EEAA4 /* Release */ = {
			isa = XCBuildConfiguration;
			buildSettings = {
				ALWAYS_SEARCH_USER_PATHS = NO;
				CLANG_ANALYZER_NONNULL = YES;
				CLANG_ANALYZER_NUMBER_OBJECT_CONVERSION = YES_AGGRESSIVE;
				CLANG_CXX_LANGUAGE_STANDARD = "gnu++14";
				CLANG_CXX_LIBRARY = "libc++";
				CLANG_ENABLE_MODULES = YES;
				CLANG_ENABLE_OBJC_ARC = YES;
				CLANG_WARN_BLOCK_CAPTURE_AUTORELEASING = YES;
				CLANG_WARN_BOOL_CONVERSION = YES;
				CLANG_WARN_COMMA = YES;
				CLANG_WARN_CONSTANT_CONVERSION = YES;
				CLANG_WARN_DIRECT_OBJC_ISA_USAGE = YES_ERROR;
				CLANG_WARN_DOCUMENTATION_COMMENTS = YES;
				CLANG_WARN_EMPTY_BODY = YES;
				CLANG_WARN_ENUM_CONVERSION = YES;
				CLANG_WARN_INFINITE_RECURSION = YES;
				CLANG_WARN_INT_CONVERSION = YES;
				CLANG_WARN_NON_LITERAL_NULL_CONVERSION = YES;
				CLANG_WARN_OBJC_LITERAL_CONVERSION = YES;
				CLANG_WARN_OBJC_ROOT_CLASS = YES_ERROR;
				CLANG_WARN_RANGE_LOOP_ANALYSIS = YES;
				CLANG_WARN_STRICT_PROTOTYPES = YES;
				CLANG_WARN_SUSPICIOUS_MOVE = YES;
				CLANG_WARN_UNGUARDED_AVAILABILITY = YES_AGGRESSIVE;
				CLANG_WARN_UNREACHABLE_CODE = YES;
				CLANG_WARN__DUPLICATE_METHOD_MATCH = YES;
				CODE_SIGN_IDENTITY = "iPhone Developer";
				COPY_PHASE_STRIP = NO;
				DEBUG_INFORMATION_FORMAT = "dwarf-with-dsym";
				ENABLE_NS_ASSERTIONS = NO;
				ENABLE_STRICT_OBJC_MSGSEND = YES;
				GCC_C_LANGUAGE_STANDARD = gnu11;
				GCC_NO_COMMON_BLOCKS = YES;
				GCC_WARN_64_TO_32_BIT_CONVERSION = YES;
				GCC_WARN_ABOUT_RETURN_TYPE = YES_ERROR;
				GCC_WARN_UNDECLARED_SELECTOR = YES;
				GCC_WARN_UNINITIALIZED_AUTOS = YES_AGGRESSIVE;
				GCC_WARN_UNUSED_FUNCTION = YES;
				GCC_WARN_UNUSED_VARIABLE = YES;
				IPHONEOS_DEPLOYMENT_TARGET = 11.1;
				MTL_ENABLE_DEBUG_INFO = NO;
				SDKROOT = iphoneos;
				SWIFT_OPTIMIZATION_LEVEL = "-Owholemodule";
				VALIDATE_PRODUCT = YES;
			};
			name = Release;
		};
		842FC7C51FC52924003EEAA4 /* Debug */ = {
			isa = XCBuildConfiguration;
			buildSettings = {
				ASSETCATALOG_COMPILER_APPICON_NAME = AppIcon;
				CODE_SIGN_STYLE = Automatic;
				INFOPLIST_FILE = SerfApp/Info.plist;
				LD_RUNPATH_SEARCH_PATHS = "$(inherited) @executable_path/Frameworks";
				PRODUCT_BUNDLE_IDENTIFIER = MarcusMitchell.SerfApp;
				PRODUCT_NAME = "$(TARGET_NAME)";
				SWIFT_VERSION = 4.0;
				TARGETED_DEVICE_FAMILY = "1,2";
			};
			name = Debug;
		};
		842FC7C61FC52924003EEAA4 /* Release */ = {
			isa = XCBuildConfiguration;
			buildSettings = {
				ASSETCATALOG_COMPILER_APPICON_NAME = AppIcon;
				CODE_SIGN_STYLE = Automatic;
				INFOPLIST_FILE = SerfApp/Info.plist;
				LD_RUNPATH_SEARCH_PATHS = "$(inherited) @executable_path/Frameworks";
				PRODUCT_BUNDLE_IDENTIFIER = MarcusMitchell.SerfApp;
				PRODUCT_NAME = "$(TARGET_NAME)";
				SWIFT_VERSION = 4.0;
				TARGETED_DEVICE_FAMILY = "1,2";
			};
			name = Release;
		};
		842FC7C81FC52924003EEAA4 /* Debug */ = {
			isa = XCBuildConfiguration;
			buildSettings = {
				ALWAYS_EMBED_SWIFT_STANDARD_LIBRARIES = YES;
				BUNDLE_LOADER = "$(TEST_HOST)";
				CODE_SIGN_STYLE = Automatic;
				INFOPLIST_FILE = SerfAppTests/Info.plist;
				LD_RUNPATH_SEARCH_PATHS = "$(inherited) @executable_path/Frameworks @loader_path/Frameworks";
				PRODUCT_BUNDLE_IDENTIFIER = MarcusMitchell.SerfAppTests;
				PRODUCT_NAME = "$(TARGET_NAME)";
				SWIFT_VERSION = 4.0;
				TARGETED_DEVICE_FAMILY = "1,2";
				TEST_HOST = "$(BUILT_PRODUCTS_DIR)/SerfApp.app/SerfApp";
			};
			name = Debug;
		};
		842FC7C91FC52924003EEAA4 /* Release */ = {
			isa = XCBuildConfiguration;
			buildSettings = {
				ALWAYS_EMBED_SWIFT_STANDARD_LIBRARIES = YES;
				BUNDLE_LOADER = "$(TEST_HOST)";
				CODE_SIGN_STYLE = Automatic;
				INFOPLIST_FILE = SerfAppTests/Info.plist;
				LD_RUNPATH_SEARCH_PATHS = "$(inherited) @executable_path/Frameworks @loader_path/Frameworks";
				PRODUCT_BUNDLE_IDENTIFIER = MarcusMitchell.SerfAppTests;
				PRODUCT_NAME = "$(TARGET_NAME)";
				SWIFT_VERSION = 4.0;
				TARGETED_DEVICE_FAMILY = "1,2";
				TEST_HOST = "$(BUILT_PRODUCTS_DIR)/SerfApp.app/SerfApp";
			};
			name = Release;
		};
		842FC7CB1FC52924003EEAA4 /* Debug */ = {
			isa = XCBuildConfiguration;
			buildSettings = {
				ALWAYS_EMBED_SWIFT_STANDARD_LIBRARIES = YES;
				CODE_SIGN_STYLE = Automatic;
				INFOPLIST_FILE = SerfAppUITests/Info.plist;
				LD_RUNPATH_SEARCH_PATHS = "$(inherited) @executable_path/Frameworks @loader_path/Frameworks";
				PRODUCT_BUNDLE_IDENTIFIER = MarcusMitchell.SerfAppUITests;
				PRODUCT_NAME = "$(TARGET_NAME)";
				SWIFT_VERSION = 4.0;
				TARGETED_DEVICE_FAMILY = "1,2";
				TEST_TARGET_NAME = SerfApp;
			};
			name = Debug;
		};
		842FC7CC1FC52924003EEAA4 /* Release */ = {
			isa = XCBuildConfiguration;
			buildSettings = {
				ALWAYS_EMBED_SWIFT_STANDARD_LIBRARIES = YES;
				CODE_SIGN_STYLE = Automatic;
				INFOPLIST_FILE = SerfAppUITests/Info.plist;
				LD_RUNPATH_SEARCH_PATHS = "$(inherited) @executable_path/Frameworks @loader_path/Frameworks";
				PRODUCT_BUNDLE_IDENTIFIER = MarcusMitchell.SerfAppUITests;
				PRODUCT_NAME = "$(TARGET_NAME)";
				SWIFT_VERSION = 4.0;
				TARGETED_DEVICE_FAMILY = "1,2";
				TEST_TARGET_NAME = SerfApp;
			};
			name = Release;
		};
/* End XCBuildConfiguration section */

/* Begin XCConfigurationList section */
		842FC7971FC52924003EEAA4 /* Build configuration list for PBXProject "SerfApp" */ = {
			isa = XCConfigurationList;
			buildConfigurations = (
				842FC7C21FC52924003EEAA4 /* Debug */,
				842FC7C31FC52924003EEAA4 /* Release */,
			);
			defaultConfigurationIsVisible = 0;
			defaultConfigurationName = Release;
		};
		842FC7C41FC52924003EEAA4 /* Build configuration list for PBXNativeTarget "SerfApp" */ = {
			isa = XCConfigurationList;
			buildConfigurations = (
				842FC7C51FC52924003EEAA4 /* Debug */,
				842FC7C61FC52924003EEAA4 /* Release */,
			);
			defaultConfigurationIsVisible = 0;
			defaultConfigurationName = Release;
		};
		842FC7C71FC52924003EEAA4 /* Build configuration list for PBXNativeTarget "SerfAppTests" */ = {
			isa = XCConfigurationList;
			buildConfigurations = (
				842FC7C81FC52924003EEAA4 /* Debug */,
				842FC7C91FC52924003EEAA4 /* Release */,
			);
			defaultConfigurationIsVisible = 0;
			defaultConfigurationName = Release;
		};
		842FC7CA1FC52924003EEAA4 /* Build configuration list for PBXNativeTarget "SerfAppUITests" */ = {
			isa = XCConfigurationList;
			buildConfigurations = (
				842FC7CB1FC52924003EEAA4 /* Debug */,
				842FC7CC1FC52924003EEAA4 /* Release */,
			);
			defaultConfigurationIsVisible = 0;
			defaultConfigurationName = Release;
		};
/* End XCConfigurationList section */
	};
	rootObject = 842FC7941FC52924003EEAA4 /* Project object */;
}
